github.com/krolaw/dhcp4 v0.0.0-20180925202202-7cead472c414 h1:6wnYc2S/lVM7BvR32BM74ph7bPgqMztWopMYKgVyEho=
github.com/krolaw/dhcp4 v0.0.0-20180925202202-7cead472c414/go.mod h1:0AqAH3ZogsCrvrtUpvc6EtVKbc3w6xwZhkvGLuqyi3o=
golang.org/x/net v0.0.0-20181114220301-adae6a3d119a h1:gOpx8G595UYyvj8UK4+OFyY4rx037g3fmfhe5SasG3U=
golang.org/x/net v0.0.0-20181114220301-adae6a3d119a/go.mod h1:mL1N/T3taQHkDXs73rZJwtUhF3w3ftmwwsq0BUmARs4=
